
Microsoft Visual Studio Solution File, Format Version 12.00
# Visual Studio Version 16
VisualStudioVersion = 16.0.30711.63
MinimumVisualStudioVersion = 10.0.40219.1
Project("{9A19103F-16F7-4668-BE54-9A1E7A4F7556}") = "myapi", "myapi.csproj", "{1B5C3BCC-5AFD-43E1-A827-253CD14ADF02}"
EndProject
Global
	GlobalSection(SolutionConfigurationPlatforms) = preSolution
		Debug|Any CPU = Debug|Any CPU
		Release|Any CPU = Release|Any CPU
	EndGlobalSection
	GlobalSection(ProjectConfigurationPlatforms) = postSolution
		{1B5C3BCC-5AFD-43E1-A827-253CD14ADF02}.Debug|Any CPU.ActiveCfg = Debug|Any CPU
		{1B5C3BCC-5AFD-43E1-A827-253CD14ADF02}.Debug|Any CPU.Build.0 = Debug|Any CPU
		{1B5C3BCC-5AFD-43E1-A827-253CD14ADF02}.Release|Any CPU.ActiveCfg = Release|Any CPU
		{1B5C3BCC-5AFD-43E1-A827-253CD14ADF02}.Release|Any CPU.Build.0 = Release|Any CPU
	EndGlobalSection
	GlobalSection(SolutionProperties) = preSolution
		HideSolutionNode = FALSE
	EndGlobalSection
	GlobalSection(ExtensibilityGlobals) = postSolution
		SolutionGuid = {0EF46269-10EC-437C-B509-356B48784E46}
	EndGlobalSection
EndGlobal
